
Microsoft Visual Studio Solution File, Format Version 12.00
# Visual Studio 15
VisualStudioVersion = 15.0.28307.902
MinimumVisualStudioVersion = 10.0.40219.1
Project("{FAE04EC0-301F-11D3-BF4B-00C04F79EFBC}") = "KursoPatikra1", "KursoPatikra1\KursoPatikra1.csproj", "{02E45402-FF5C-450F-A1B2-D3F361372F0A}"
EndProject
Global
	GlobalSection(SolutionConfigurationPlatforms) = preSolution
		Debug|Any CPU = Debug|Any CPU
		Release|Any CPU = Release|Any CPU
	EndGlobalSection
	GlobalSection(ProjectConfigurationPlatforms) = postSolution
		{02E45402-FF5C-450F-A1B2-D3F361372F0A}.Debug|Any CPU.ActiveCfg = Debug|Any CPU
		{02E45402-FF5C-450F-A1B2-D3F361372F0A}.Debug|Any CPU.Build.0 = Debug|Any CPU
		{02E45402-FF5C-450F-A1B2-D3F361372F0A}.Release|Any CPU.ActiveCfg = Release|Any CPU
		{02E45402-FF5C-450F-A1B2-D3F361372F0A}.Release|Any CPU.Build.0 = Release|Any CPU
	EndGlobalSection
	GlobalSection(SolutionProperties) = preSolution
		HideSolutionNode = FALSE
	EndGlobalSection
	GlobalSection(ExtensibilityGlobals) = postSolution
		SolutionGuid = {A194F7EE-77F2-444E-A57F-DD7769AD20A8}
	EndGlobalSection
EndGlobal
